#
# This file is autogenerated by pip-compile with Python 3.10
# by the following command:
#
#    pip-compile --output-file=requirements.lock --strip-extras requirements.txt
#
annotated-types==0.7.0
    # via pydantic
anyio==4.13.0
    # via
    #   httpx
    #   starlette
    #   watchfiles
beautifulsoup4==4.15.0
    # via -r requirements.txt
brotli==1.2.0
    # via httpx
certifi==2026.5.20
    # via
    #   httpcore
    #   httpx
    #   requests
cffi==2.0.0
    # via cryptography
charset-normalizer==3.4.7
    # via requests
click==8.4.1
    # via
    #   ddgs
    #   uvicorn
colorama==0.4.6
    # via
    #   click
    #   uvicorn
cryptography==49.0.0
    # via -r requirements.txt
ddgs==9.14.4
    # via -r requirements.txt
exceptiongroup==1.3.1
    # via anyio
fake-useragent==2.2.0
    # via ddgs
fastapi==0.115.14
    # via -r requirements.txt
h11==0.16.0
    # via
    #   httpcore
    #   uvicorn
h2==4.3.0
    # via httpx
hpack==4.1.0
    # via h2
httpcore==1.0.9
    # via httpx
httptools==0.8.0
    # via uvicorn
httpx==0.28.1
    # via
    #   -r requirements.txt
    #   ddgs
hyperframe==6.1.0
    # via h2
idna==3.18
    # via
    #   anyio
    #   httpx
    #   requests
lxml==6.1.1
    # via
    #   ddgs
    #   python-docx
numpy==2.2.6
    # via -r requirements.txt
primp==1.3.1
    # via ddgs
pycparser==3.0
    # via cffi
pydantic==2.13.4
    # via
    #   -r requirements.txt
    #   fastapi
pydantic-core==2.46.4
    # via pydantic
pypdf==6.13.2
    # via -r requirements.txt
python-docx==1.2.0
    # via -r requirements.txt
python-dotenv==1.2.2
    # via
    #   -r requirements.txt
    #   uvicorn
python-multipart==0.0.32
    # via -r requirements.txt
pyyaml==6.0.3
    # via uvicorn
requests==2.34.2
    # via -r requirements.txt
socksio==1.0.0
    # via httpx
soupsieve==2.8.4
    # via beautifulsoup4
starlette==0.46.2
    # via fastapi
typing-extensions==4.15.0
    # via
    #   anyio
    #   beautifulsoup4
    #   cryptography
    #   exceptiongroup
    #   fastapi
    #   pydantic
    #   pydantic-core
    #   pypdf
    #   python-docx
    #   typing-inspection
    #   uvicorn
typing-inspection==0.4.2
    # via pydantic
urllib3==2.7.0
    # via requests
uvicorn==0.34.3
    # via -r requirements.txt
watchdog==6.0.0
    # via -r requirements.txt
watchfiles==1.2.0
    # via uvicorn
websockets==16.0
    # via uvicorn
